# This file is automatically @generated by Cargo.
# It is not intended for manual editing.
version = 3

[[package]]
name = "nes-asset"
version = "0.1.0"

[[package]]
name = "nes-render-api"
version = "0.1.0"

[[package]]
name = "nes-render-extract"
version = "0.1.0"
dependencies = [
 "nes-render-api",
 "nes-scene",
]

[[package]]
name = "nes-scene"
version = "0.1.0"
dependencies = [
 "nes-asset",
]
