# This file is automatically @generated by Cargo.
# It is not intended for manual editing.
version = 3

[[package]]
name = "cc"
version = "1.6.0"
source = "registry+https://github.com/rust-lang/crates.io-index"
checksum = "f74872d07caf508b30a21f6836e7d7016a2eaf7d9ff4f48deaa58cd8a0407630"
dependencies = [
 "find-msvc-tools",
 "shlex",
]

[[package]]
name = "find-msvc-tools"
version = "0.1.14"
source = "registry+https://github.com/rust-lang/crates.io-index"
checksum = "aedcfb3409746eddb02b9e19ebda1c3394f759a152e48ee875a0844d1b955484"

[[package]]
name = "nes-extension-api"
version = "0.1.0"

[[package]]
name = "nes-extension-js"
version = "0.1.0"
dependencies = [
 "nes-extension-api",
 "rquickjs",
]

[[package]]
name = "rquickjs"
version = "0.9.0"
source = "registry+https://github.com/rust-lang/crates.io-index"
checksum = "5c5227859c4dfc83f428e58f9569bf439e628c8d139020e7faff437e6f5abaa0"
dependencies = [
 "rquickjs-core",
]

[[package]]
name = "rquickjs-core"
version = "0.9.0"
source = "registry+https://github.com/rust-lang/crates.io-index"
checksum = "e82e0ca83028ad5b533b53b96c395bbaab905a5774de4aaf1004eeacafa3d85d"
dependencies = [
 "rquickjs-sys",
]

[[package]]
name = "rquickjs-sys"
version = "0.9.0"
source = "registry+https://github.com/rust-lang/crates.io-index"
checksum = "7fed0097b0b4fbb2a87f6dd3b995a7c64ca56de30007eb7e867dfdfc78324ba5"
dependencies = [
 "cc",
]

[[package]]
name = "shlex"
version = "2.0.1"
source = "registry+https://github.com/rust-lang/crates.io-index"
checksum = "f8fadd59c855ef2080decdef8ff161eb6661b86933c9d82e5ba29dc602a55aba"
